
Microsoft Visual Studio Solution File, Format Version 12.00
# Visual Studio 15
VisualStudioVersion = 15.0.28307.852
MinimumVisualStudioVersion = 10.0.40219.1
Project("{FAE04EC0-301F-11D3-BF4B-00C04F79EFBC}") = "EscapeRankAPI", "EscapeRankAPI\EscapeRankAPI.csproj", "{8E920263-834C-481F-A5E1-752F212BFA61}"
EndProject
Global
	GlobalSection(SolutionConfigurationPlatforms) = preSolution
		Debug|Any CPU = Debug|Any CPU
		Release|Any CPU = Release|Any CPU
	EndGlobalSection
	GlobalSection(ProjectConfigurationPlatforms) = postSolution
		{28A61840-A8BE-48C5-AAC8-AC1390B6099A}.Debug|Any CPU.ActiveCfg = Debug|Any CPU
		{28A61840-A8BE-48C5-AAC8-AC1390B6099A}.Debug|Any CPU.Build.0 = Debug|Any CPU
		{28A61840-A8BE-48C5-AAC8-AC1390B6099A}.Release|Any CPU.ActiveCfg = Release|Any CPU
		{28A61840-A8BE-48C5-AAC8-AC1390B6099A}.Release|Any CPU.Build.0 = Release|Any CPU
		{96F5D5EB-D83D-464A-82F7-91CD86449680}.Debug|Any CPU.ActiveCfg = Debug|Any CPU
		{96F5D5EB-D83D-464A-82F7-91CD86449680}.Debug|Any CPU.Build.0 = Debug|Any CPU
		{96F5D5EB-D83D-464A-82F7-91CD86449680}.Release|Any CPU.ActiveCfg = Release|Any CPU
		{96F5D5EB-D83D-464A-82F7-91CD86449680}.Release|Any CPU.Build.0 = Release|Any CPU
		{C0F828FF-534A-4DD4-A308-9E16136CB708}.Debug|Any CPU.ActiveCfg = Debug|Any CPU
		{C0F828FF-534A-4DD4-A308-9E16136CB708}.Debug|Any CPU.Build.0 = Debug|Any CPU
		{C0F828FF-534A-4DD4-A308-9E16136CB708}.Release|Any CPU.ActiveCfg = Release|Any CPU
		{C0F828FF-534A-4DD4-A308-9E16136CB708}.Release|Any CPU.Build.0 = Release|Any CPU
		{A0573C73-0DEB-4BFA-A4BA-9C71809DF05A}.Debug|Any CPU.ActiveCfg = Debug|Any CPU
		{A0573C73-0DEB-4BFA-A4BA-9C71809DF05A}.Debug|Any CPU.Build.0 = Debug|Any CPU
		{A0573C73-0DEB-4BFA-A4BA-9C71809DF05A}.Release|Any CPU.ActiveCfg = Release|Any CPU
		{A0573C73-0DEB-4BFA-A4BA-9C71809DF05A}.Release|Any CPU.Build.0 = Release|Any CPU
		{8E920263-834C-481F-A5E1-752F212BFA61}.Debug|Any CPU.ActiveCfg = Debug|Any CPU
		{8E920263-834C-481F-A5E1-752F212BFA61}.Debug|Any CPU.Build.0 = Debug|Any CPU
		{8E920263-834C-481F-A5E1-752F212BFA61}.Release|Any CPU.ActiveCfg = Release|Any CPU
		{8E920263-834C-481F-A5E1-752F212BFA61}.Release|Any CPU.Build.0 = Release|Any CPU
	EndGlobalSection
	GlobalSection(SolutionProperties) = preSolution
		HideSolutionNode = FALSE
	EndGlobalSection
	GlobalSection(ExtensibilityGlobals) = postSolution
		SolutionGuid = {00639ED8-3A25-4F5D-8265-2EBA2F763444}
	EndGlobalSection
EndGlobal
